// !$*UTF8*$!
{
	archiveVersion = 1;
	classes = {
	};
	objectVersion = 46;
	objects = {

/* Begin PBXBuildFile section */
		8D66E25AFE5787B298224065 /* Pods_BaiSiBuDeJie.framework in Frameworks */ = {isa = PBXBuildFile; fileRef = 89B9201A1224C81E29BA6B8B /* Pods_BaiSiBuDeJie.framework */; };
		A51EEB071E76D7F6002237E0 /* HXLVideoTableViewCell.m in Sources */ = {isa = PBXBuildFile; fileRef = A51EEB061E76D7F6002237E0 /* HXLVideoTableViewCell.m */; };
		A51EEB0A1E76D816002237E0 /* HXLPictureTableViewCell.m in Sources */ = {isa = PBXBuildFile; fileRef = A51EEB091E76D816002237E0 /* HXLPictureTableViewCell.m */; };
		A51EEB0E1E76D844002237E0 /* HXLPunTableViewCell.m in Sources */ = {isa = PBXBuildFile; fileRef = A51EEB0C1E76D844002237E0 /* HXLPunTableViewCell.m */; };
		A51EEB0F1E76D844002237E0 /* HXLPunTableViewCell.xib in Resources */ = {isa = PBXBuildFile; fileRef = A51EEB0D1E76D844002237E0 /* HXLPunTableViewCell.xib */; };
		A51EEB131E76D857002237E0 /* HXLVoiceTableViewCell.m in Sources */ = {isa = PBXBuildFile; fileRef = A51EEB111E76D857002237E0 /* HXLVoiceTableViewCell.m */; };
		A51EEB141E76D857002237E0 /* HXLVoiceTableViewCell.xib in Resources */ = {isa = PBXBuildFile; fileRef = A51EEB121E76D857002237E0 /* HXLVoiceTableViewCell.xib */; };
		A51EEB171E76D884002237E0 /* HXLAllTableViewCell.m in Sources */ = {isa = PBXBuildFile; fileRef = A51EEB161E76D884002237E0 /* HXLAllTableViewCell.m */; };
		A51EEB191E76D8A9002237E0 /* HXLVideoTableViewCell.xib in Resources */ = {isa = PBXBuildFile; fileRef = A51EEB181E76D8A9002237E0 /* HXLVideoTableViewCell.xib */; };
		A51EEB1B1E76D8D5002237E0 /* HXLPictureTableViewCell.xib in Resources */ = {isa = PBXBuildFile; fileRef = A51EEB1A1E76D8D5002237E0 /* HXLPictureTableViewCell.xib */; };
		A52C40071E6E6C0F00D2DC8C /* HXLPostButton.m in Sources */ = {isa = PBXBuildFile; fileRef = A52C40061E6E6C0F00D2DC8C /* HXLPostButton.m */; };
		A52CBBCC1E83B489006042B1 /* HXLEssenceBaseWithChildTVC.m in Sources */ = {isa = PBXBuildFile; fileRef = A52CBBCB1E83B489006042B1 /* HXLEssenceBaseWithChildTVC.m */; };
		A52CBBCF1E83DF4D006042B1 /* UIImageView+HXLSDWeb.m in Sources */ = {isa = PBXBuildFile; fileRef = A52CBBCE1E83DF4D006042B1 /* UIImageView+HXLSDWeb.m */; };
		A52CBBD41E83EA37006042B1 /* HXLEssenceViewModel.m in Sources */ = {isa = PBXBuildFile; fileRef = A52CBBD31E83EA37006042B1 /* HXLEssenceViewModel.m */; };
		A538C3E21E7A643000B3EFD3 /* HXLEssenceItem.m in Sources */ = {isa = PBXBuildFile; fileRef = A538C3E11E7A643000B3EFD3 /* HXLEssenceItem.m */; };
		A538C3E51E7AD0F200B3EFD3 /* member_ diamond_icon.gif in Resources */ = {isa = PBXBuildFile; fileRef = A538C3E31E7AD0F200B3EFD3 /* member_ diamond_icon.gif */; };
		A538C3E61E7AD0F200B3EFD3 /* member_ diamond_iconN.gif in Resources */ = {isa = PBXBuildFile; fileRef = A538C3E41E7AD0F200B3EFD3 /* member_ diamond_iconN.gif */; };
		A53E05B91E7BECFF0079DA41 /* HXLDataTool.m in Sources */ = {isa = PBXBuildFile; fileRef = A53E05B81E7BECFF0079DA41 /* HXLDataTool.m */; };
		A557D91A1E70F25300B54327 /* HXLReleaseLinkViewController.m in Sources */ = {isa = PBXBuildFile; fileRef = A557D9151E70F25300B54327 /* HXLReleaseLinkViewController.m */; };
		A557D91B1E70F25300B54327 /* HXLReleasePunViewController.m in Sources */ = {isa = PBXBuildFile; fileRef = A557D9171E70F25300B54327 /* HXLReleasePunViewController.m */; };
		A557D91C1E70F25300B54327 /* HXLReleaseVoiceViewController.m in Sources */ = {isa = PBXBuildFile; fileRef = A557D9191E70F25300B54327 /* HXLReleaseVoiceViewController.m */; };
		A557D9211E70F2FD00B54327 /* HXLPunView.m in Sources */ = {isa = PBXBuildFile; fileRef = A557D91F1E70F2FD00B54327 /* HXLPunView.m */; };
		A557D9221E70F2FD00B54327 /* HXLPunView.xib in Resources */ = {isa = PBXBuildFile; fileRef = A557D9201E70F2FD00B54327 /* HXLPunView.xib */; };
		A57F5F281E62DC2E002BA929 /* Main.storyboard in Resources */ = {isa = PBXBuildFile; fileRef = A57F5F261E62DC2E002BA929 /* Main.storyboard */; };
		A57F5F2D1E62DC2E002BA929 /* LaunchScreen.storyboard in Resources */ = {isa = PBXBuildFile; fileRef = A57F5F2B1E62DC2E002BA929 /* LaunchScreen.storyboard */; };
		A57F5F381E62DC2E002BA929 /* BaiSiBuDeJieTests.m in Sources */ = {isa = PBXBuildFile; fileRef = A57F5F371E62DC2E002BA929 /* BaiSiBuDeJieTests.m */; };
		A57F5F5D1E634D01002BA929 /* AppDelegate.m in Sources */ = {isa = PBXBuildFile; fileRef = A57F5F561E634D00002BA929 /* AppDelegate.m */; };
		A57F5F691E63517B002BA929 /* main.m in Sources */ = {isa = PBXBuildFile; fileRef = A57F5F581E634D01002BA929 /* main.m */; };
		A58C44771E8BAC1000F91698 /* HXLEssenceCommentItem.m in Sources */ = {isa = PBXBuildFile; fileRef = A58C44761E8BAC1000F91698 /* HXLEssenceCommentItem.m */; };
		A591DB011E891848007EC238 /* UIView+HXLSDWeb.m in Sources */ = {isa = PBXBuildFile; fileRef = A591DB001E891848007EC238 /* UIView+HXLSDWeb.m */; };
		A591DB041E891CC6007EC238 /* HXLProgressView.m in Sources */ = {isa = PBXBuildFile; fileRef = A591DB031E891CC6007EC238 /* HXLProgressView.m */; };
		A59F83421E8CE23600A342BB /* HXLUser.m in Sources */ = {isa = PBXBuildFile; fileRef = A59F83411E8CE23600A342BB /* HXLUser.m */; };
		A5ADEE241E76677100997971 /* HXLEssenceCollectionView.m in Sources */ = {isa = PBXBuildFile; fileRef = A5ADEE231E76677100997971 /* HXLEssenceCollectionView.m */; };
		A5ADEE271E766CFB00997971 /* HXLEssenceCollectionViewCell.m in Sources */ = {isa = PBXBuildFile; fileRef = A5ADEE261E766CFB00997971 /* HXLEssenceCollectionViewCell.m */; };
		A5C8CB3F1E73C2660028224E /* HXLHeadlineView.m in Sources */ = {isa = PBXBuildFile; fileRef = A5C8CB3E1E73C2660028224E /* HXLHeadlineView.m */; };
		A5C8CB541E73C3160028224E /* HXLNavigationController.m in Sources */ = {isa = PBXBuildFile; fileRef = A5C8CB431E73C3160028224E /* HXLNavigationController.m */; };
		A5C8CB551E73C3160028224E /* HXLTabBarController.m in Sources */ = {isa = PBXBuildFile; fileRef = A5C8CB451E73C3160028224E /* HXLTabBarController.m */; };
		A5C8CB561E73C3160028224E /* HXLHeadlineBtn.m in Sources */ = {isa = PBXBuildFile; fileRef = A5C8CB481E73C3160028224E /* HXLHeadlineBtn.m */; };
		A5C8CB571E73C3160028224E /* HXLReleaseButton.m in Sources */ = {isa = PBXBuildFile; fileRef = A5C8CB4A1E73C3160028224E /* HXLReleaseButton.m */; };
		A5C8CB581E73C3160028224E /* HXLTabBar.m in Sources */ = {isa = PBXBuildFile; fileRef = A5C8CB4C1E73C3160028224E /* HXLTabBar.m */; };
		A5C8CB591E73C3160028224E /* UIBarButtonItem+HXLBarBtnItem.m in Sources */ = {isa = PBXBuildFile; fileRef = A5C8CB4F1E73C3160028224E /* UIBarButtonItem+HXLBarBtnItem.m */; };
		A5C8CB5A1E73C3160028224E /* UIImage+HXLRenderOriginal.m in Sources */ = {isa = PBXBuildFile; fileRef = A5C8CB511E73C3160028224E /* UIImage+HXLRenderOriginal.m */; };
		A5C8CB5B1E73C3160028224E /* UIView+HXLGeometry.m in Sources */ = {isa = PBXBuildFile; fileRef = A5C8CB531E73C3160028224E /* UIView+HXLGeometry.m */; };
		A5C8CB681E73C3880028224E /* HXLAllTableVC.m in Sources */ = {isa = PBXBuildFile; fileRef = A5C8CB5F1E73C3880028224E /* HXLAllTableVC.m */; };
		A5C8CB691E73C3880028224E /* HXLPictureTableVC.m in Sources */ = {isa = PBXBuildFile; fileRef = A5C8CB611E73C3880028224E /* HXLPictureTableVC.m */; };
		A5C8CB6A1E73C3880028224E /* HXLPunTableVC.m in Sources */ = {isa = PBXBuildFile; fileRef = A5C8CB631E73C3880028224E /* HXLPunTableVC.m */; };
		A5C8CB6B1E73C3880028224E /* HXLVideoTableVC.m in Sources */ = {isa = PBXBuildFile; fileRef = A5C8CB651E73C3880028224E /* HXLVideoTableVC.m */; };
		A5C8CB6C1E73C3880028224E /* HXLVoiceTableVC.m in Sources */ = {isa = PBXBuildFile; fileRef = A5C8CB671E73C3880028224E /* HXLVoiceTableVC.m */; };
		A5E1A45C1E65929C0060F656 /* HXLLastestViewController.m in Sources */ = {isa = PBXBuildFile; fileRef = A5E1A45B1E65929C0060F656 /* HXLLastestViewController.m */; };
		A5E1A45F1E6593AE0060F656 /* HXLReleaseViewController.m in Sources */ = {isa = PBXBuildFile; fileRef = A5E1A45E1E6593AE0060F656 /* HXLReleaseViewController.m */; };
		A5E1A4651E6593E20060F656 /* HXLFollowViewController.m in Sources */ = {isa = PBXBuildFile; fileRef = A5E1A4641E6593E20060F656 /* HXLFollowViewController.m */; };
		A5E1A4681E6593FC0060F656 /* HXLMineViewController.m in Sources */ = {isa = PBXBuildFile; fileRef = A5E1A4671E6593FC0060F656 /* HXLMineViewController.m */; };
		A5E1A46B1E6598DF0060F656 /* HXLEssenceViewController.m in Sources */ = {isa = PBXBuildFile; fileRef = A5E1A46A1E6598DF0060F656 /* HXLEssenceViewController.m */; };
		A5E1A4701E65A7C70060F656 /* Assets.xcassets in Resources */ = {isa = PBXBuildFile; fileRef = A5E1A46F1E65A7C70060F656 /* Assets.xcassets */; };
		A5F7AA131E79959F00F72EDD /* HXLConst.m in Sources */ = {isa = PBXBuildFile; fileRef = A5F7AA121E79959F00F72EDD /* HXLConst.m */; };
		A5FD85D01E77A9C6002D0CC6 /* HXLSessionManager.m in Sources */ = {isa = PBXBuildFile; fileRef = A5FD85CF1E77A9C6002D0CC6 /* HXLSessionManager.m */; };
/* End PBXBuildFile section */

/* Begin PBXContainerItemProxy section */
		A57F5F341E62DC2E002BA929 /* PBXContainerItemProxy */ = {
			isa = PBXContainerItemProxy;
			containerPortal = A57F5F121E62DC2E002BA929 /* Project object */;
			proxyType = 1;
			remoteGlobalIDString = A57F5F191E62DC2E002BA929;
			remoteInfo = BaiSiBuDeJie;
		};
/* End PBXContainerItemProxy section */

/* Begin PBXFileReference section */
		689013E8EE81F9E3D63AA94F /* Pods-BaiSiBuDeJie.debug.xcconfig */ = {isa = PBXFileReference; includeInIndex = 1; lastKnownFileType = text.xcconfig; name = "Pods-BaiSiBuDeJie.debug.xcconfig"; path = "Pods/Target Support Files/Pods-BaiSiBuDeJie/Pods-BaiSiBuDeJie.debug.xcconfig"; sourceTree = "<group>"; };
		89B9201A1224C81E29BA6B8B /* Pods_BaiSiBuDeJie.framework */ = {isa = PBXFileReference; explicitFileType = wrapper.framework; includeInIndex = 0; path = Pods_BaiSiBuDeJie.framework; sourceTree = BUILT_PRODUCTS_DIR; };
		A51EEB051E76D7F6002237E0 /* HXLVideoTableViewCell.h */ = {isa = PBXFileReference; fileEncoding = 4; lastKnownFileType = sourcecode.c.h; path = HXLVideoTableViewCell.h; sourceTree = "<group>"; };
		A51EEB061E76D7F6002237E0 /* HXLVideoTableViewCell.m */ = {isa = PBXFileReference; fileEncoding = 4; lastKnownFileType = sourcecode.c.objc; path = HXLVideoTableViewCell.m; sourceTree = "<group>"; };
		A51EEB081E76D816002237E0 /* HXLPictureTableViewCell.h */ = {isa = PBXFileReference; fileEncoding = 4; lastKnownFileType = sourcecode.c.h; path = HXLPictureTableViewCell.h; sourceTree = "<group>"; };
		A51EEB091E76D816002237E0 /* HXLPictureTableViewCell.m */ = {isa = PBXFileReference; fileEncoding = 4; lastKnownFileType = sourcecode.c.objc; path = HXLPictureTableViewCell.m; sourceTree = "<group>"; };
		A51EEB0B1E76D844002237E0 /* HXLPunTableViewCell.h */ = {isa = PBXFileReference; fileEncoding = 4; lastKnownFileType = sourcecode.c.h; path = HXLPunTableViewCell.h; sourceTree = "<group>"; };
		A51EEB0C1E76D844002237E0 /* HXLPunTableViewCell.m */ = {isa = PBXFileReference; fileEncoding = 4; lastKnownFileType = sourcecode.c.objc; lineEnding = 0; path = HXLPunTableViewCell.m; sourceTree = "<group>"; usesTabs = 0; };
		A51EEB0D1E76D844002237E0 /* HXLPunTableViewCell.xib */ = {isa = PBXFileReference; fileEncoding = 4; lastKnownFileType = file.xib; path = HXLPunTableViewCell.xib; sourceTree = "<group>"; };
		A51EEB101E76D857002237E0 /* HXLVoiceTableViewCell.h */ = {isa = PBXFileReference; fileEncoding = 4; lastKnownFileType = sourcecode.c.h; path = HXLVoiceTableViewCell.h; sourceTree = "<group>"; };
		A51EEB111E76D857002237E0 /* HXLVoiceTableViewCell.m */ = {isa = PBXFileReference; fileEncoding = 4; lastKnownFileType = sourcecode.c.objc; path = HXLVoiceTableViewCell.m; sourceTree = "<group>"; };
		A51EEB121E76D857002237E0 /* HXLVoiceTableViewCell.xib */ = {isa = PBXFileReference; fileEncoding = 4; lastKnownFileType = file.xib; path = HXLVoiceTableViewCell.xib; sourceTree = "<group>"; };
		A51EEB151E76D884002237E0 /* HXLAllTableViewCell.h */ = {isa = PBXFileReference; fileEncoding = 4; lastKnownFileType = sourcecode.c.h; path = HXLAllTableViewCell.h; sourceTree = "<group>"; };
		A51EEB161E76D884002237E0 /* HXLAllTableViewCell.m */ = {isa = PBXFileReference; fileEncoding = 4; lastKnownFileType = sourcecode.c.objc; path = HXLAllTableViewCell.m; sourceTree = "<group>"; };
		A51EEB181E76D8A9002237E0 /* HXLVideoTableViewCell.xib */ = {isa = PBXFileReference; fileEncoding = 4; lastKnownFileType = file.xib; path = HXLVideoTableViewCell.xib; sourceTree = "<group>"; };
		A51EEB1A1E76D8D5002237E0 /* HXLPictureTableViewCell.xib */ = {isa = PBXFileReference; fileEncoding = 4; lastKnownFileType = file.xib; path = HXLPictureTableViewCell.xib; sourceTree = "<group>"; };
		A52C40051E6E6C0F00D2DC8C /* HXLPostButton.h */ = {isa = PBXFileReference; fileEncoding = 4; lastKnownFileType = sourcecode.c.h; path = HXLPostButton.h; sourceTree = "<group>"; };
		A52C40061E6E6C0F00D2DC8C /* HXLPostButton.m */ = {isa = PBXFileReference; fileEncoding = 4; lastKnownFileType = sourcecode.c.objc; path = HXLPostButton.m; sourceTree = "<group>"; };
		A52CBBCA1E83B489006042B1 /* HXLEssenceBaseWithChildTVC.h */ = {isa = PBXFileReference; fileEncoding = 4; lastKnownFileType = sourcecode.c.h; path = HXLEssenceBaseWithChildTVC.h; sourceTree = "<group>"; };
		A52CBBCB1E83B489006042B1 /* HXLEssenceBaseWithChildTVC.m */ = {isa = PBXFileReference; fileEncoding = 4; lastKnownFileType = sourcecode.c.objc; path = HXLEssenceBaseWithChildTVC.m; sourceTree = "<group>"; };
		A52CBBCD1E83DF4D006042B1 /* UIImageView+HXLSDWeb.h */ = {isa = PBXFileReference; fileEncoding = 4; lastKnownFileType = sourcecode.c.h; path = "UIImageView+HXLSDWeb.h"; sourceTree = "<group>"; };
		A52CBBCE1E83DF4D006042B1 /* UIImageView+HXLSDWeb.m */ = {isa = PBXFileReference; fileEncoding = 4; lastKnownFileType = sourcecode.c.objc; path = "UIImageView+HXLSDWeb.m"; sourceTree = "<group>"; };
		A52CBBD21E83EA37006042B1 /* HXLEssenceViewModel.h */ = {isa = PBXFileReference; fileEncoding = 4; lastKnownFileType = sourcecode.c.h; path = HXLEssenceViewModel.h; sourceTree = "<group>"; };
		A52CBBD31E83EA37006042B1 /* HXLEssenceViewModel.m */ = {isa = PBXFileReference; fileEncoding = 4; lastKnownFileType = sourcecode.c.objc; path = HXLEssenceViewModel.m; sourceTree = "<group>"; };
		A538C3E01E7A643000B3EFD3 /* HXLEssenceItem.h */ = {isa = PBXFileReference; fileEncoding = 4; lastKnownFileType = sourcecode.c.h; path = HXLEssenceItem.h; sourceTree = "<group>"; };
		A538C3E11E7A643000B3EFD3 /* HXLEssenceItem.m */ = {isa = PBXFileReference; fileEncoding = 4; lastKnownFileType = sourcecode.c.objc; path = HXLEssenceItem.m; sourceTree = "<group>"; };
		A538C3E31E7AD0F200B3EFD3 /* member_ diamond_icon.gif */ = {isa = PBXFileReference; lastKnownFileType = image.gif; name = "member_ diamond_icon.gif"; path = "Assets.xcassets/02 Essence/06 useSet/member_ diamond_icon.gif"; sourceTree = "<group>"; };
		A538C3E41E7AD0F200B3EFD3 /* member_ diamond_iconN.gif */ = {isa = PBXFileReference; lastKnownFileType = image.gif; name = "member_ diamond_iconN.gif"; path = "Assets.xcassets/02 Essence/06 useSet/member_ diamond_iconN.gif"; sourceTree = "<group>"; };
		A53E05B71E7BECFF0079DA41 /* HXLDataTool.h */ = {isa = PBXFileReference; fileEncoding = 4; lastKnownFileType = sourcecode.c.h; path = HXLDataTool.h; sourceTree = "<group>"; };
		A53E05B81E7BECFF0079DA41 /* HXLDataTool.m */ = {isa = PBXFileReference; fileEncoding = 4; lastKnownFileType = sourcecode.c.objc; path = HXLDataTool.m; sourceTree = "<group>"; };
		A557D9141E70F25300B54327 /* HXLReleaseLinkViewController.h */ = {isa = PBXFileReference; fileEncoding = 4; lastKnownFileType = sourcecode.c.h; path = HXLReleaseLinkViewController.h; sourceTree = "<group>"; };
		A557D9151E70F25300B54327 /* HXLReleaseLinkViewController.m */ = {isa = PBXFileReference; fileEncoding = 4; lastKnownFileType = sourcecode.c.objc; path = HXLReleaseLinkViewController.m; sourceTree = "<group>"; };
		A557D9161E70F25300B54327 /* HXLReleasePunViewController.h */ = {isa = PBXFileReference; fileEncoding = 4; lastKnownFileType = sourcecode.c.h; path = HXLReleasePunViewController.h; sourceTree = "<group>"; };
		A557D9171E70F25300B54327 /* HXLReleasePunViewController.m */ = {isa = PBXFileReference; fileEncoding = 4; lastKnownFileType = sourcecode.c.objc; path = HXLReleasePunViewController.m; sourceTree = "<group>"; };
		A557D9181E70F25300B54327 /* HXLReleaseVoiceViewController.h */ = {isa = PBXFileReference; fileEncoding = 4; lastKnownFileType = sourcecode.c.h; path = HXLReleaseVoiceViewController.h; sourceTree = "<group>"; };
		A557D9191E70F25300B54327 /* HXLReleaseVoiceViewController.m */ = {isa = PBXFileReference; fileEncoding = 4; lastKnownFileType = sourcecode.c.objc; path = HXLReleaseVoiceViewController.m; sourceTree = "<group>"; };
		A557D91E1E70F2FD00B54327 /* HXLPunView.h */ = {isa = PBXFileReference; fileEncoding = 4; lastKnownFileType = sourcecode.c.h; path = HXLPunView.h; sourceTree = "<group>"; };
		A557D91F1E70F2FD00B54327 /* HXLPunView.m */ = {isa = PBXFileReference; fileEncoding = 4; lastKnownFileType = sourcecode.c.objc; path = HXLPunView.m; sourceTree = "<group>"; };
		A557D9201E70F2FD00B54327 /* HXLPunView.xib */ = {isa = PBXFileReference; fileEncoding = 4; lastKnownFileType = file.xib; path = HXLPunView.xib; sourceTree = "<group>"; };
		A57EA6C61E6AE4D70054AE05 /* pop.framework */ = {isa = PBXFileReference; explicitFileType = wrapper.framework; path = pop.framework; sourceTree = BUILT_PRODUCTS_DIR; };
		A57F5F1A1E62DC2E002BA929 /* BaiSiBuDeJie.app */ = {isa = PBXFileReference; explicitFileType = wrapper.application; includeInIndex = 0; path = BaiSiBuDeJie.app; sourceTree = BUILT_PRODUCTS_DIR; };
		A57F5F271E62DC2E002BA929 /* Base */ = {isa = PBXFileReference; lastKnownFileType = file.storyboard; name = Base; path = Base.lproj/Main.storyboard; sourceTree = "<group>"; };
		A57F5F2C1E62DC2E002BA929 /* Base */ = {isa = PBXFileReference; lastKnownFileType = file.storyboard; name = Base; path = Base.lproj/LaunchScreen.storyboard; sourceTree = "<group>"; };
		A57F5F331E62DC2E002BA929 /* BaiSiBuDeJieTests.xctest */ = {isa = PBXFileReference; explicitFileType = wrapper.cfbundle; includeInIndex = 0; path = BaiSiBuDeJieTests.xctest; sourceTree = BUILT_PRODUCTS_DIR; };
		A57F5F371E62DC2E002BA929 /* BaiSiBuDeJieTests.m */ = {isa = PBXFileReference; lastKnownFileType = sourcecode.c.objc; path = BaiSiBuDeJieTests.m; sourceTree = "<group>"; };
		A57F5F391E62DC2E002BA929 /* Info.plist */ = {isa = PBXFileReference; lastKnownFileType = text.plist.xml; path = Info.plist; sourceTree = "<group>"; };
		A57F5F551E634D00002BA929 /* AppDelegate.h */ = {isa = PBXFileReference; fileEncoding = 4; lastKnownFileType = sourcecode.c.h; path = AppDelegate.h; sourceTree = "<group>"; };
		A57F5F561E634D00002BA929 /* AppDelegate.m */ = {isa = PBXFileReference; fileEncoding = 4; lastKnownFileType = sourcecode.c.objc; path = AppDelegate.m; sourceTree = "<group>"; };
		A57F5F581E634D01002BA929 /* main.m */ = {isa = PBXFileReference; fileEncoding = 4; lastKnownFileType = sourcecode.c.objc; path = main.m; sourceTree = "<group>"; };
		A57F5F671E635157002BA929 /* Info.plist */ = {isa = PBXFileReference; fileEncoding = 4; lastKnownFileType = text.plist.xml; path = Info.plist; sourceTree = "<group>"; };
		A58C44751E8BAC1000F91698 /* HXLEssenceCommentItem.h */ = {isa = PBXFileReference; fileEncoding = 4; lastKnownFileType = sourcecode.c.h; path = HXLEssenceCommentItem.h; sourceTree = "<group>"; };
		A58C44761E8BAC1000F91698 /* HXLEssenceCommentItem.m */ = {isa = PBXFileReference; fileEncoding = 4; lastKnownFileType = sourcecode.c.objc; path = HXLEssenceCommentItem.m; sourceTree = "<group>"; };
		A591DAFF1E891848007EC238 /* UIView+HXLSDWeb.h */ = {isa = PBXFileReference; fileEncoding = 4; lastKnownFileType = sourcecode.c.h; path = "UIView+HXLSDWeb.h"; sourceTree = "<group>"; };
		A591DB001E891848007EC238 /* UIView+HXLSDWeb.m */ = {isa = PBXFileReference; fileEncoding = 4; lastKnownFileType = sourcecode.c.objc; path = "UIView+HXLSDWeb.m"; sourceTree = "<group>"; };
		A591DB021E891CC6007EC238 /* HXLProgressView.h */ = {isa = PBXFileReference; fileEncoding = 4; lastKnownFileType = sourcecode.c.h; path = HXLProgressView.h; sourceTree = "<group>"; };
		A591DB031E891CC6007EC238 /* HXLProgressView.m */ = {isa = PBXFileReference; fileEncoding = 4; lastKnownFileType = sourcecode.c.objc; path = HXLProgressView.m; sourceTree = "<group>"; };
		A59F83401E8CE23600A342BB /* HXLUser.h */ = {isa = PBXFileReference; fileEncoding = 4; lastKnownFileType = sourcecode.c.h; path = HXLUser.h; sourceTree = "<group>"; };
		A59F83411E8CE23600A342BB /* HXLUser.m */ = {isa = PBXFileReference; fileEncoding = 4; lastKnownFileType = sourcecode.c.objc; path = HXLUser.m; sourceTree = "<group>"; };
		A5ADEE221E76677100997971 /* HXLEssenceCollectionView.h */ = {isa = PBXFileReference; fileEncoding = 4; lastKnownFileType = sourcecode.c.h; path = HXLEssenceCollectionView.h; sourceTree = "<group>"; };
		A5ADEE231E76677100997971 /* HXLEssenceCollectionView.m */ = {isa = PBXFileReference; fileEncoding = 4; lastKnownFileType = sourcecode.c.objc; path = HXLEssenceCollectionView.m; sourceTree = "<group>"; };
		A5ADEE251E766CFB00997971 /* HXLEssenceCollectionViewCell.h */ = {isa = PBXFileReference; fileEncoding = 4; lastKnownFileType = sourcecode.c.h; path = HXLEssenceCollectionViewCell.h; sourceTree = "<group>"; };
		A5ADEE261E766CFB00997971 /* HXLEssenceCollectionViewCell.m */ = {isa = PBXFileReference; fileEncoding = 4; lastKnownFileType = sourcecode.c.objc; path = HXLEssenceCollectionViewCell.m; sourceTree = "<group>"; };
		A5C8CB3D1E73C2660028224E /* HXLHeadlineView.h */ = {isa = PBXFileReference; fileEncoding = 4; lastKnownFileType = sourcecode.c.h; path = HXLHeadlineView.h; sourceTree = "<group>"; };
		A5C8CB3E1E73C2660028224E /* HXLHeadlineView.m */ = {isa = PBXFileReference; fileEncoding = 4; lastKnownFileType = sourcecode.c.objc; path = HXLHeadlineView.m; sourceTree = "<group>"; };
		A5C8CB421E73C3160028224E /* HXLNavigationController.h */ = {isa = PBXFileReference; fileEncoding = 4; lastKnownFileType = sourcecode.c.h; path = HXLNavigationController.h; sourceTree = "<group>"; };
		A5C8CB431E73C3160028224E /* HXLNavigationController.m */ = {isa = PBXFileReference; fileEncoding = 4; lastKnownFileType = sourcecode.c.objc; path = HXLNavigationController.m; sourceTree = "<group>"; };
		A5C8CB441E73C3160028224E /* HXLTabBarController.h */ = {isa = PBXFileReference; fileEncoding = 4; lastKnownFileType = sourcecode.c.h; path = HXLTabBarController.h; sourceTree = "<group>"; };
		A5C8CB451E73C3160028224E /* HXLTabBarController.m */ = {isa = PBXFileReference; fileEncoding = 4; lastKnownFileType = sourcecode.c.objc; path = HXLTabBarController.m; sourceTree = "<group>"; };
		A5C8CB471E73C3160028224E /* HXLHeadlineBtn.h */ = {isa = PBXFileReference; fileEncoding = 4; lastKnownFileType = sourcecode.c.h; path = HXLHeadlineBtn.h; sourceTree = "<group>"; };
		A5C8CB481E73C3160028224E /* HXLHeadlineBtn.m */ = {isa = PBXFileReference; fileEncoding = 4; lastKnownFileType = sourcecode.c.objc; path = HXLHeadlineBtn.m; sourceTree = "<group>"; };
		A5C8CB491E73C3160028224E /* HXLReleaseButton.h */ = {isa = PBXFileReference; fileEncoding = 4; lastKnownFileType = sourcecode.c.h; path = HXLReleaseButton.h; sourceTree = "<group>"; };
		A5C8CB4A1E73C3160028224E /* HXLReleaseButton.m */ = {isa = PBXFileReference; fileEncoding = 4; lastKnownFileType = sourcecode.c.objc; path = HXLReleaseButton.m; sourceTree = "<group>"; };
		A5C8CB4B1E73C3160028224E /* HXLTabBar.h */ = {isa = PBXFileReference; fileEncoding = 4; lastKnownFileType = sourcecode.c.h; path = HXLTabBar.h; sourceTree = "<group>"; };
		A5C8CB4C1E73C3160028224E /* HXLTabBar.m */ = {isa = PBXFileReference; fileEncoding = 4; lastKnownFileType = sourcecode.c.objc; path = HXLTabBar.m; sourceTree = "<group>"; };
		A5C8CB4E1E73C3160028224E /* UIBarButtonItem+HXLBarBtnItem.h */ = {isa = PBXFileReference; fileEncoding = 4; lastKnownFileType = sourcecode.c.h; path = "UIBarButtonItem+HXLBarBtnItem.h"; sourceTree = "<group>"; };
		A5C8CB4F1E73C3160028224E /* UIBarButtonItem+HXLBarBtnItem.m */ = {isa = PBXFileReference; fileEncoding = 4; lastKnownFileType = sourcecode.c.objc; path = "UIBarButtonItem+HXLBarBtnItem.m"; sourceTree = "<group>"; };
		A5C8CB501E73C3160028224E /* UIImage+HXLRenderOriginal.h */ = {isa = PBXFileReference; fileEncoding = 4; lastKnownFileType = sourcecode.c.h; path = "UIImage+HXLRenderOriginal.h"; sourceTree = "<group>"; };
		A5C8CB511E73C3160028224E /* UIImage+HXLRenderOriginal.m */ = {isa = PBXFileReference; fileEncoding = 4; lastKnownFileType = sourcecode.c.objc; path = "UIImage+HXLRenderOriginal.m"; sourceTree = "<group>"; };
		A5C8CB521E73C3160028224E /* UIView+HXLGeometry.h */ = {isa = PBXFileReference; fileEncoding = 4; lastKnownFileType = sourcecode.c.h; path = "UIView+HXLGeometry.h"; sourceTree = "<group>"; };
		A5C8CB531E73C3160028224E /* UIView+HXLGeometry.m */ = {isa = PBXFileReference; fileEncoding = 4; lastKnownFileType = sourcecode.c.objc; path = "UIView+HXLGeometry.m"; sourceTree = "<group>"; };
		A5C8CB5C1E73C3610028224E /* BaiSiBiDeJie-Prefix.pch */ = {isa = PBXFileReference; fileEncoding = 4; lastKnownFileType = sourcecode.c.h; path = "BaiSiBiDeJie-Prefix.pch"; sourceTree = "<group>"; };
		A5C8CB5E1E73C3880028224E /* HXLAllTableVC.h */ = {isa = PBXFileReference; fileEncoding = 4; lastKnownFileType = sourcecode.c.h; path = HXLAllTableVC.h; sourceTree = "<group>"; };
		A5C8CB5F1E73C3880028224E /* HXLAllTableVC.m */ = {isa = PBXFileReference; fileEncoding = 4; lastKnownFileType = sourcecode.c.objc; path = HXLAllTableVC.m; sourceTree = "<group>"; };
		A5C8CB601E73C3880028224E /* HXLPictureTableVC.h */ = {isa = PBXFileReference; fileEncoding = 4; lastKnownFileType = sourcecode.c.h; path = HXLPictureTableVC.h; sourceTree = "<group>"; };
		A5C8CB611E73C3880028224E /* HXLPictureTableVC.m */ = {isa = PBXFileReference; fileEncoding = 4; lastKnownFileType = sourcecode.c.objc; path = HXLPictureTableVC.m; sourceTree = "<group>"; };
		A5C8CB621E73C3880028224E /* HXLPunTableVC.h */ = {isa = PBXFileReference; fileEncoding = 4; lastKnownFileType = sourcecode.c.h; path = HXLPunTableVC.h; sourceTree = "<group>"; };
		A5C8CB631E73C3880028224E /* HXLPunTableVC.m */ = {isa = PBXFileReference; fileEncoding = 4; lastKnownFileType = sourcecode.c.objc; path = HXLPunTableVC.m; sourceTree = "<group>"; };
		A5C8CB641E73C3880028224E /* HXLVideoTableVC.h */ = {isa = PBXFileReference; fileEncoding = 4; lastKnownFileType = sourcecode.c.h; path = HXLVideoTableVC.h; sourceTree = "<group>"; };
		A5C8CB651E73C3880028224E /* HXLVideoTableVC.m */ = {isa = PBXFileReference; fileEncoding = 4; lastKnownFileType = sourcecode.c.objc; path = HXLVideoTableVC.m; sourceTree = "<group>"; };
		A5C8CB661E73C3880028224E /* HXLVoiceTableVC.h */ = {isa = PBXFileReference; fileEncoding = 4; lastKnownFileType = sourcecode.c.h; path = HXLVoiceTableVC.h; sourceTree = "<group>"; };
		A5C8CB671E73C3880028224E /* HXLVoiceTableVC.m */ = {isa = PBXFileReference; fileEncoding = 4; lastKnownFileType = sourcecode.c.objc; path = HXLVoiceTableVC.m; sourceTree = "<group>"; };
		A5E1A45A1E65929C0060F656 /* HXLLastestViewController.h */ = {isa = PBXFileReference; fileEncoding = 4; lastKnownFileType = sourcecode.c.h; path = HXLLastestViewController.h; sourceTree = "<group>"; };
		A5E1A45B1E65929C0060F656 /* HXLLastestViewController.m */ = {isa = PBXFileReference; fileEncoding = 4; lastKnownFileType = sourcecode.c.objc; path = HXLLastestViewController.m; sourceTree = "<group>"; };
		A5E1A45D1E6593AE0060F656 /* HXLReleaseViewController.h */ = {isa = PBXFileReference; fileEncoding = 4; lastKnownFileType = sourcecode.c.h; path = HXLReleaseViewController.h; sourceTree = "<group>"; };
		A5E1A45E1E6593AE0060F656 /* HXLReleaseViewController.m */ = {isa = PBXFileReference; fileEncoding = 4; lastKnownFileType = sourcecode.c.objc; path = HXLReleaseViewController.m; sourceTree = "<group>"; };
		A5E1A4631E6593E20060F656 /* HXLFollowViewController.h */ = {isa = PBXFileReference; fileEncoding = 4; lastKnownFileType = sourcecode.c.h; path = HXLFollowViewController.h; sourceTree = "<group>"; };
		A5E1A4641E6593E20060F656 /* HXLFollowViewController.m */ = {isa = PBXFileReference; fileEncoding = 4; lastKnownFileType = sourcecode.c.objc; path = HXLFollowViewController.m; sourceTree = "<group>"; };
		A5E1A4661E6593FC0060F656 /* HXLMineViewController.h */ = {isa = PBXFileReference; fileEncoding = 4; lastKnownFileType = sourcecode.c.h; path = HXLMineViewController.h; sourceTree = "<group>"; };
		A5E1A4671E6593FC0060F656 /* HXLMineViewController.m */ = {isa = PBXFileReference; fileEncoding = 4; lastKnownFileType = sourcecode.c.objc; path = HXLMineViewController.m; sourceTree = "<group>"; };
		A5E1A4691E6598DF0060F656 /* HXLEssenceViewController.h */ = {isa = PBXFileReference; fileEncoding = 4; lastKnownFileType = sourcecode.c.h; path = HXLEssenceViewController.h; sourceTree = "<group>"; };
		A5E1A46A1E6598DF0060F656 /* HXLEssenceViewController.m */ = {isa = PBXFileReference; fileEncoding = 4; lastKnownFileType = sourcecode.c.objc; path = HXLEssenceViewController.m; sourceTree = "<group>"; };
		A5E1A46F1E65A7C70060F656 /* Assets.xcassets */ = {isa = PBXFileReference; lastKnownFileType = folder.assetcatalog; path = Assets.xcassets; sourceTree = "<group>"; };
		A5F7AA111E79959F00F72EDD /* HXLConst.h */ = {isa = PBXFileReference; fileEncoding = 4; lastKnownFileType = sourcecode.c.h; path = HXLConst.h; sourceTree = "<group>"; };
		A5F7AA121E79959F00F72EDD /* HXLConst.m */ = {isa = PBXFileReference; fileEncoding = 4; lastKnownFileType = sourcecode.c.objc; path = HXLConst.m; sourceTree = "<group>"; };
		A5FD85CE1E77A9C6002D0CC6 /* HXLSessionManager.h */ = {isa = PBXFileReference; fileEncoding = 4; lastKnownFileType = sourcecode.c.h; path = HXLSessionManager.h; sourceTree = "<group>"; };
		A5FD85CF1E77A9C6002D0CC6 /* HXLSessionManager.m */ = {isa = PBXFileReference; fileEncoding = 4; lastKnownFileType = sourcecode.c.objc; path = HXLSessionManager.m; sourceTree = "<group>"; };
		A5FD85D21E77B1FD002D0CC6 /* Single.h */ = {isa = PBXFileReference; lastKnownFileType = sourcecode.c.h; path = Single.h; sourceTree = "<group>"; };
		B81860FAD8E8C777829B877F /* Pods-BaiSiBuDeJie.release.xcconfig */ = {isa = PBXFileReference; includeInIndex = 1; lastKnownFileType = text.xcconfig; name = "Pods-BaiSiBuDeJie.release.xcconfig"; path = "Pods/Target Support Files/Pods-BaiSiBuDeJie/Pods-BaiSiBuDeJie.release.xcconfig"; sourceTree = "<group>"; };
/* End PBXFileReference section */

/* Begin PBXFrameworksBuildPhase section */
		A57F5F171E62DC2E002BA929 /* Frameworks */ = {
			isa = PBXFrameworksBuildPhase;
			buildActionMask = 2147483647;
			files = (
				8D66E25AFE5787B298224065 /* Pods_BaiSiBuDeJie.framework in Frameworks */,
			);
			runOnlyForDeploymentPostprocessing = 0;
		};
		A57F5F301E62DC2E002BA929 /* Frameworks */ = {
			isa = PBXFrameworksBuildPhase;
			buildActionMask = 2147483647;
			files = (
			);
			runOnlyForDeploymentPostprocessing = 0;
		};
/* End PBXFrameworksBuildPhase section */

/* Begin PBXGroup section */
		3EF42A8420B47E4ABE531885 /* Pods */ = {
			isa = PBXGroup;
			children = (
				689013E8EE81F9E3D63AA94F /* Pods-BaiSiBuDeJie.debug.xcconfig */,
				B81860FAD8E8C777829B877F /* Pods-BaiSiBuDeJie.release.xcconfig */,
			);
			name = Pods;
			sourceTree = "<group>";
		};
		A51EEB041E76D7BA002237E0 /* TableViewCell */ = {
			isa = PBXGroup;
			children = (
				A51EEB0B1E76D844002237E0 /* HXLPunTableViewCell.h */,
				A51EEB0C1E76D844002237E0 /* HXLPunTableViewCell.m */,
				A51EEB0D1E76D844002237E0 /* HXLPunTableViewCell.xib */,
				A51EEB081E76D816002237E0 /* HXLPictureTableViewCell.h */,
				A51EEB091E76D816002237E0 /* HXLPictureTableViewCell.m */,
				A51EEB1A1E76D8D5002237E0 /* HXLPictureTableViewCell.xib */,
				A51EEB051E76D7F6002237E0 /* HXLVideoTableViewCell.h */,
				A51EEB061E76D7F6002237E0 /* HXLVideoTableViewCell.m */,
				A51EEB181E76D8A9002237E0 /* HXLVideoTableViewCell.xib */,
				A51EEB101E76D857002237E0 /* HXLVoiceTableViewCell.h */,
				A51EEB111E76D857002237E0 /* HXLVoiceTableViewCell.m */,
				A51EEB121E76D857002237E0 /* HXLVoiceTableViewCell.xib */,
				A51EEB151E76D884002237E0 /* HXLAllTableViewCell.h */,
				A51EEB161E76D884002237E0 /* HXLAllTableViewCell.m */,
			);
			path = TableViewCell;
			sourceTree = "<group>";
		};
		A52CBBD11E83E9DF006042B1 /* ViewModel */ = {
			isa = PBXGroup;
			children = (
				A52CBBD21E83EA37006042B1 /* HXLEssenceViewModel.h */,
				A52CBBD31E83EA37006042B1 /* HXLEssenceViewModel.m */,
			);
			path = ViewModel;
			sourceTree = "<group>";
		};
		A557D9131E70F25300B54327 /* PostViewControl */ = {
			isa = PBXGroup;
			children = (
				A557D9161E70F25300B54327 /* HXLReleasePunViewController.h */,
				A557D9171E70F25300B54327 /* HXLReleasePunViewController.m */,
				A557D9141E70F25300B54327 /* HXLReleaseLinkViewController.h */,
				A557D9151E70F25300B54327 /* HXLReleaseLinkViewController.m */,
				A557D9181E70F25300B54327 /* HXLReleaseVoiceViewController.h */,
				A557D9191E70F25300B54327 /* HXLReleaseVoiceViewController.m */,
			);
			path = PostViewControl;
			sourceTree = "<group>";
		};
		A557D91D1E70F2FD00B54327 /* PostView */ = {
			isa = PBXGroup;
			children = (
				A557D91E1E70F2FD00B54327 /* HXLPunView.h */,
				A557D91F1E70F2FD00B54327 /* HXLPunView.m */,
				A557D9201E70F2FD00B54327 /* HXLPunView.xib */,
			);
			path = PostView;
			sourceTree = "<group>";
		};
		A56F78F51E6712C500E5E3CB /* Public */ = {
			isa = PBXGroup;
			children = (
				A5FD85CD1E77A902002D0CC6 /* DataTool */,
				A5C8CB401E73C3160028224E /* BaseClass */,
				A5C8CB4D1E73C3160028224E /* Category */,
			);
			path = Public;
			sourceTree = "<group>";
		};
		A57F5F111E62DC2E002BA929 = {
			isa = PBXGroup;
			children = (
				A57EA6C61E6AE4D70054AE05 /* pop.framework */,
				A57F5F1C1E62DC2E002BA929 /* BaiSiBuDeJie */,
				A57F5F361E62DC2E002BA929 /* BaiSiBuDeJieTests */,
				A57F5F1B1E62DC2E002BA929 /* Products */,
				3EF42A8420B47E4ABE531885 /* Pods */,
				D09C18AF89FB8C3D100E6C6B /* Frameworks */,
			);
			sourceTree = "<group>";
		};
		A57F5F1B1E62DC2E002BA929 /* Products */ = {
			isa = PBXGroup;
			children = (
				A57F5F1A1E62DC2E002BA929 /* BaiSiBuDeJie.app */,
				A57F5F331E62DC2E002BA929 /* BaiSiBuDeJieTests.xctest */,
			);
			name = Products;
			sourceTree = "<group>";
		};
		A57F5F1C1E62DC2E002BA929 /* BaiSiBuDeJie */ = {
			isa = PBXGroup;
			children = (
				A57F5F421E634D00002BA929 /* Classes */,
				A57F5F1D1E62DC2E002BA929 /* Supporting Files */,
			);
			path = BaiSiBuDeJie;
			sourceTree = "<group>";
		};
		A57F5F1D1E62DC2E002BA929 /* Supporting Files */ = {
			isa = PBXGroup;
			children = (
				A57F5F261E62DC2E002BA929 /* Main.storyboard */,
				A57F5F2B1E62DC2E002BA929 /* LaunchScreen.storyboard */,
			);
			name = "Supporting Files";
			sourceTree = "<group>";
		};
		A57F5F361E62DC2E002BA929 /* BaiSiBuDeJieTests */ = {
			isa = PBXGroup;
			children = (
				A57F5F371E62DC2E002BA929 /* BaiSiBuDeJieTests.m */,
				A57F5F391E62DC2E002BA929 /* Info.plist */,
			);
			path = BaiSiBuDeJieTests;
			sourceTree = "<group>";
		};
		A57F5F421E634D00002BA929 /* Classes */ = {
			isa = PBXGroup;
			children = (
				A57F5F431E634D00002BA929 /* Essence */,
				A57F5F4B1E634D00002BA929 /* Lastest */,
				A5E1A4451E655C9D0060F656 /* Release */,
				A57F5F471E634D00002BA929 /* Follow */,
				A5E1A44B1E655D410060F656 /* Mine */,
				A57F5F531E634D00002BA929 /* Other */,
			);
			path = Classes;
			sourceTree = "<group>";
		};
		A57F5F431E634D00002BA929 /* Essence */ = {
			isa = PBXGroup;
			children = (
				A57F5F441E634D00002BA929 /* Controller */,
				A52CBBD11E83E9DF006042B1 /* ViewModel */,
				A57F5F451E634D00002BA929 /* Model */,
				A57F5F461E634D00002BA929 /* View */,
			);
			path = Essence;
			sourceTree = "<group>";
		};
		A57F5F441E634D00002BA929 /* Controller */ = {
			isa = PBXGroup;
			children = (
				A5C8CB5D1E73C3880028224E /* ChildViewController */,
				A5E1A4691E6598DF0060F656 /* HXLEssenceViewController.h */,
				A5E1A46A1E6598DF0060F656 /* HXLEssenceViewController.m */,
			);
			path = Controller;
			sourceTree = "<group>";
		};
		A57F5F451E634D00002BA929 /* Model */ = {
			isa = PBXGroup;
			children = (
				A538C3E01E7A643000B3EFD3 /* HXLEssenceItem.h */,
				A538C3E11E7A643000B3EFD3 /* HXLEssenceItem.m */,
				A58C44751E8BAC1000F91698 /* HXLEssenceCommentItem.h */,
				A58C44761E8BAC1000F91698 /* HXLEssenceCommentItem.m */,
				A59F83401E8CE23600A342BB /* HXLUser.h */,
				A59F83411E8CE23600A342BB /* HXLUser.m */,
			);
			path = Model;
			sourceTree = "<group>";
		};
		A57F5F461E634D00002BA929 /* View */ = {
			isa = PBXGroup;
			children = (
				A51EEB041E76D7BA002237E0 /* TableViewCell */,
				A5C8CB3A1E73C2660028224E /* CollectionView */,
				A5C8CB3B1E73C2660028224E /* CollectionViewCell */,
				A5C8CB3C1E73C2660028224E /* HeadlineView */,
			);
			path = View;
			sourceTree = "<group>";
		};
		A57F5F471E634D00002BA929 /* Follow */ = {
			isa = PBXGroup;
			children = (
				A57F5F481E634D00002BA929 /* Controller */,
				A57F5F491E634D00002BA929 /* Model */,
				A57F5F4A1E634D00002BA929 /* View */,
			);
			path = Follow;
			sourceTree = "<group>";
		};
		A57F5F481E634D00002BA929 /* Controller */ = {
			isa = PBXGroup;
			children = (
				A5E1A4631E6593E20060F656 /* HXLFollowViewController.h */,
				A5E1A4641E6593E20060F656 /* HXLFollowViewController.m */,
			);
			path = Controller;
			sourceTree = "<group>";
		};
		A57F5F491E634D00002BA929 /* Model */ = {
			isa = PBXGroup;
			children = (
			);
			path = Model;
			sourceTree = "<group>";
		};
		A57F5F4A1E634D00002BA929 /* View */ = {
			isa = PBXGroup;
			children = (
			);
			path = View;
			sourceTree = "<group>";
		};
		A57F5F4B1E634D00002BA929 /* Lastest */ = {
			isa = PBXGroup;
			children = (
				A57F5F4C1E634D00002BA929 /* Controller */,
				A57F5F4D1E634D00002BA929 /* Model */,
				A57F5F4E1E634D00002BA929 /* View */,
			);
			path = Lastest;
			sourceTree = "<group>";
		};
		A57F5F4C1E634D00002BA929 /* Controller */ = {
			isa = PBXGroup;
			children = (
				A5E1A45A1E65929C0060F656 /* HXLLastestViewController.h */,
				A5E1A45B1E65929C0060F656 /* HXLLastestViewController.m */,
			);
			path = Controller;
			sourceTree = "<group>";
		};
		A57F5F4D1E634D00002BA929 /* Model */ = {
			isa = PBXGroup;
			children = (
			);
			path = Model;
			sourceTree = "<group>";
		};
		A57F5F4E1E634D00002BA929 /* View */ = {
			isa = PBXGroup;
			children = (
			);
			path = View;
			sourceTree = "<group>";
		};
		A57F5F531E634D00002BA929 /* Other */ = {
			isa = PBXGroup;
			children = (
				A56F78F51E6712C500E5E3CB /* Public */,
				A57F5F541E634D00002BA929 /* System */,
			);
			path = Other;
			sourceTree = "<group>";
		};
		A57F5F541E634D00002BA929 /* System */ = {
			isa = PBXGroup;
			children = (
				A5E1A46F1E65A7C70060F656 /* Assets.xcassets */,
				A538C3E31E7AD0F200B3EFD3 /* member_ diamond_icon.gif */,
				A538C3E41E7AD0F200B3EFD3 /* member_ diamond_iconN.gif */,
				A57F5F551E634D00002BA929 /* AppDelegate.h */,
				A57F5F561E634D00002BA929 /* AppDelegate.m */,
				A57F5F581E634D01002BA929 /* main.m */,
				A5F7AA111E79959F00F72EDD /* HXLConst.h */,
				A5F7AA121E79959F00F72EDD /* HXLConst.m */,
				A5C8CB5C1E73C3610028224E /* BaiSiBiDeJie-Prefix.pch */,
				A57F5F671E635157002BA929 /* Info.plist */,
			);
			path = System;
			sourceTree = "<group>";
		};
		A5C8CB3A1E73C2660028224E /* CollectionView */ = {
			isa = PBXGroup;
			children = (
				A5ADEE221E76677100997971 /* HXLEssenceCollectionView.h */,
				A5ADEE231E76677100997971 /* HXLEssenceCollectionView.m */,
			);
			path = CollectionView;
			sourceTree = "<group>";
		};
		A5C8CB3B1E73C2660028224E /* CollectionViewCell */ = {
			isa = PBXGroup;
			children = (
				A5ADEE251E766CFB00997971 /* HXLEssenceCollectionViewCell.h */,
				A5ADEE261E766CFB00997971 /* HXLEssenceCollectionViewCell.m */,
			);
			path = CollectionViewCell;
			sourceTree = "<group>";
		};
		A5C8CB3C1E73C2660028224E /* HeadlineView */ = {
			isa = PBXGroup;
			children = (
				A5C8CB3D1E73C2660028224E /* HXLHeadlineView.h */,
				A5C8CB3E1E73C2660028224E /* HXLHeadlineView.m */,
			);
			path = HeadlineView;
			sourceTree = "<group>";
		};
		A5C8CB401E73C3160028224E /* BaseClass */ = {
			isa = PBXGroup;
			children = (
				A5C8CB411E73C3160028224E /* Controller */,
				A5C8CB461E73C3160028224E /* View */,
			);
			path = BaseClass;
			sourceTree = "<group>";
		};
		A5C8CB411E73C3160028224E /* Controller */ = {
			isa = PBXGroup;
			children = (
				A5C8CB421E73C3160028224E /* HXLNavigationController.h */,
				A5C8CB431E73C3160028224E /* HXLNavigationController.m */,
				A5C8CB441E73C3160028224E /* HXLTabBarController.h */,
				A5C8CB451E73C3160028224E /* HXLTabBarController.m */,
			);
			path = Controller;
			sourceTree = "<group>";
		};
		A5C8CB461E73C3160028224E /* View */ = {
			isa = PBXGroup;
			children = (
				A5C8CB471E73C3160028224E /* HXLHeadlineBtn.h */,
				A5C8CB481E73C3160028224E /* HXLHeadlineBtn.m */,
				A5C8CB491E73C3160028224E /* HXLReleaseButton.h */,
				A5C8CB4A1E73C3160028224E /* HXLReleaseButton.m */,
				A5C8CB4B1E73C3160028224E /* HXLTabBar.h */,
				A5C8CB4C1E73C3160028224E /* HXLTabBar.m */,
				A591DB021E891CC6007EC238 /* HXLProgressView.h */,
				A591DB031E891CC6007EC238 /* HXLProgressView.m */,
			);
			path = View;
			sourceTree = "<group>";
		};
		A5C8CB4D1E73C3160028224E /* Category */ = {
			isa = PBXGroup;
			children = (
				A5C8CB4E1E73C3160028224E /* UIBarButtonItem+HXLBarBtnItem.h */,
				A5C8CB4F1E73C3160028224E /* UIBarButtonItem+HXLBarBtnItem.m */,
				A52CBBCD1E83DF4D006042B1 /* UIImageView+HXLSDWeb.h */,
				A52CBBCE1E83DF4D006042B1 /* UIImageView+HXLSDWeb.m */,
				A591DAFF1E891848007EC238 /* UIView+HXLSDWeb.h */,
				A591DB001E891848007EC238 /* UIView+HXLSDWeb.m */,
				A5C8CB501E73C3160028224E /* UIImage+HXLRenderOriginal.h */,
				A5C8CB511E73C3160028224E /* UIImage+HXLRenderOriginal.m */,
				A5C8CB521E73C3160028224E /* UIView+HXLGeometry.h */,
				A5C8CB531E73C3160028224E /* UIView+HXLGeometry.m */,
			);
			path = Category;
			sourceTree = "<group>";
		};
		A5C8CB5D1E73C3880028224E /* ChildViewController */ = {
			isa = PBXGroup;
			children = (
				A52CBBCA1E83B489006042B1 /* HXLEssenceBaseWithChildTVC.h */,
				A52CBBCB1E83B489006042B1 /* HXLEssenceBaseWithChildTVC.m */,
				A5C8CB5E1E73C3880028224E /* HXLAllTableVC.h */,
				A5C8CB5F1E73C3880028224E /* HXLAllTableVC.m */,
				A5C8CB641E73C3880028224E /* HXLVideoTableVC.h */,
				A5C8CB651E73C3880028224E /* HXLVideoTableVC.m */,
				A5C8CB601E73C3880028224E /* HXLPictureTableVC.h */,
				A5C8CB611E73C3880028224E /* HXLPictureTableVC.m */,
				A5C8CB621E73C3880028224E /* HXLPunTableVC.h */,
				A5C8CB631E73C3880028224E /* HXLPunTableVC.m */,
				A5C8CB661E73C3880028224E /* HXLVoiceTableVC.h */,
				A5C8CB671E73C3880028224E /* HXLVoiceTableVC.m */,
			);
			path = ChildViewController;
			sourceTree = "<group>";
		};
		A5E1A4451E655C9D0060F656 /* Release */ = {
			isa = PBXGroup;
			children = (
				A5E1A4461E655C9D0060F656 /* Controller */,
				A5E1A4471E655C9D0060F656 /* Model */,
				A5E1A4481E655C9D0060F656 /* View */,
			);
			path = Release;
			sourceTree = "<group>";
		};
		A5E1A4461E655C9D0060F656 /* Controller */ = {
			isa = PBXGroup;
			children = (
				A557D9131E70F25300B54327 /* PostViewControl */,
				A5E1A45D1E6593AE0060F656 /* HXLReleaseViewController.h */,
				A5E1A45E1E6593AE0060F656 /* HXLReleaseViewController.m */,
			);
			path = Controller;
			sourceTree = "<group>";
		};
		A5E1A4471E655C9D0060F656 /* Model */ = {
			isa = PBXGroup;
			children = (
			);
			path = Model;
			sourceTree = "<group>";
		};
		A5E1A4481E655C9D0060F656 /* View */ = {
			isa = PBXGroup;
			children = (
				A557D91D1E70F2FD00B54327 /* PostView */,
				A52C40051E6E6C0F00D2DC8C /* HXLPostButton.h */,
				A52C40061E6E6C0F00D2DC8C /* HXLPostButton.m */,
			);
			path = View;
			sourceTree = "<group>";
		};
		A5E1A44B1E655D410060F656 /* Mine */ = {
			isa = PBXGroup;
			children = (
				A5E1A44C1E655D410060F656 /* Controller */,
				A5E1A44D1E655D410060F656 /* Model */,
				A5E1A44E1E655D410060F656 /* View */,
			);
			path = Mine;
			sourceTree = "<group>";
		};
		A5E1A44C1E655D410060F656 /* Controller */ = {
			isa = PBXGroup;
			children = (
				A5E1A4661E6593FC0060F656 /* HXLMineViewController.h */,
				A5E1A4671E6593FC0060F656 /* HXLMineViewController.m */,
			);
			path = Controller;
			sourceTree = "<group>";
		};
		A5E1A44D1E655D410060F656 /* Model */ = {
			isa = PBXGroup;
			children = (
			);
			path = Model;
			sourceTree = "<group>";
		};
		A5E1A44E1E655D410060F656 /* View */ = {
			isa = PBXGroup;
			children = (
			);
			path = View;
			sourceTree = "<group>";
		};
		A5FD85CD1E77A902002D0CC6 /* DataTool */ = {
			isa = PBXGroup;
			children = (
				A5FD85CE1E77A9C6002D0CC6 /* HXLSessionManager.h */,
				A5FD85CF1E77A9C6002D0CC6 /* HXLSessionManager.m */,
				A5FD85D21E77B1FD002D0CC6 /* Single.h */,
				A53E05B71E7BECFF0079DA41 /* HXLDataTool.h */,
				A53E05B81E7BECFF0079DA41 /* HXLDataTool.m */,
			);
			path = DataTool;
			sourceTree = "<group>";
		};
		D09C18AF89FB8C3D100E6C6B /* Frameworks */ = {
			isa = PBXGroup;
			children = (
				89B9201A1224C81E29BA6B8B /* Pods_BaiSiBuDeJie.framework */,
			);
			name = Frameworks;
			sourceTree = "<group>";
		};
/* End PBXGroup section */

/* Begin PBXNativeTarget section */
		A57F5F191E62DC2E002BA929 /* BaiSiBuDeJie */ = {
			isa = PBXNativeTarget;
			buildConfigurationList = A57F5F3C1E62DC2E002BA929 /* Build configuration list for PBXNativeTarget "BaiSiBuDeJie" */;
			buildPhases = (
				570E229C1025A7C6E34DEE9F /* [CP] Check Pods Manifest.lock */,
				A57F5F161E62DC2E002BA929 /* Sources */,
				A57F5F171E62DC2E002BA929 /* Frameworks */,
				A57F5F181E62DC2E002BA929 /* Resources */,
				4CF9EBF0893FAA86587B494F /* [CP] Embed Pods Frameworks */,
				0DC889B1B1299CBA74775933 /* [CP] Copy Pods Resources */,
			);
			buildRules = (
			);
			dependencies = (
			);
			name = BaiSiBuDeJie;
			productName = BaiSiBuDeJie;
			productReference = A57F5F1A1E62DC2E002BA929 /* BaiSiBuDeJie.app */;
			productType = "com.apple.product-type.application";
		};
		A57F5F321E62DC2E002BA929 /* BaiSiBuDeJieTests */ = {
			isa = PBXNativeTarget;
			buildConfigurationList = A57F5F3F1E62DC2E002BA929 /* Build configuration list for PBXNativeTarget "BaiSiBuDeJieTests" */;
			buildPhases = (
				A57F5F2F1E62DC2E002BA929 /* Sources */,
				A57F5F301E62DC2E002BA929 /* Frameworks */,
				A57F5F311E62DC2E002BA929 /* Resources */,
			);
			buildRules = (
			);
			dependencies = (
				A57F5F351E62DC2E002BA929 /* PBXTargetDependency */,
			);
			name = BaiSiBuDeJieTests;
			productName = BaiSiBuDeJieTests;
			productReference = A57F5F331E62DC2E002BA929 /* BaiSiBuDeJieTests.xctest */;
			productType = "com.apple.product-type.bundle.unit-test";
		};
/* End PBXNativeTarget section */

/* Begin PBXProject section */
		A57F5F121E62DC2E002BA929 /* Project object */ = {
			isa = PBXProject;
			attributes = {
				CLASSPREFIX = HXL;
				LastUpgradeCheck = 0820;
				ORGANIZATIONNAME = com.Jefrl.www;
				TargetAttributes = {
					A57F5F191E62DC2E002BA929 = {
						CreatedOnToolsVersion = 8.2.1;
						ProvisioningStyle = Automatic;
					};
					A57F5F321E62DC2E002BA929 = {
						CreatedOnToolsVersion = 8.2.1;
						ProvisioningStyle = Automatic;
						TestTargetID = A57F5F191E62DC2E002BA929;
					};
				};
			};
			buildConfigurationList = A57F5F151E62DC2E002BA929 /* Build configuration list for PBXProject "BaiSiBuDeJie" */;
			compatibilityVersion = "Xcode 3.2";
			developmentRegion = English;
			hasScannedForEncodings = 0;
			knownRegions = (
				en,
				Base,
			);
			mainGroup = A57F5F111E62DC2E002BA929;
			productRefGroup = A57F5F1B1E62DC2E002BA929 /* Products */;
			projectDirPath = "";
			projectRoot = "";
			targets = (
				A57F5F191E62DC2E002BA929 /* BaiSiBuDeJie */,
				A57F5F321E62DC2E002BA929 /* BaiSiBuDeJieTests */,
			);
		};
/* End PBXProject section */

/* Begin PBXResourcesBuildPhase section */
		A57F5F181E62DC2E002BA929 /* Resources */ = {
			isa = PBXResourcesBuildPhase;
			buildActionMask = 2147483647;
			files = (
				A538C3E61E7AD0F200B3EFD3 /* member_ diamond_iconN.gif in Resources */,
				A57F5F2D1E62DC2E002BA929 /* LaunchScreen.storyboard in Resources */,
				A538C3E51E7AD0F200B3EFD3 /* member_ diamond_icon.gif in Resources */,
				A5E1A4701E65A7C70060F656 /* Assets.xcassets in Resources */,
				A51EEB0F1E76D844002237E0 /* HXLPunTableViewCell.xib in Resources */,
				A51EEB191E76D8A9002237E0 /* HXLVideoTableViewCell.xib in Resources */,
				A57F5F281E62DC2E002BA929 /* Main.storyboard in Resources */,
				A557D9221E70F2FD00B54327 /* HXLPunView.xib in Resources */,
				A51EEB141E76D857002237E0 /* HXLVoiceTableViewCell.xib in Resources */,
				A51EEB1B1E76D8D5002237E0 /* HXLPictureTableViewCell.xib in Resources */,
			);
			runOnlyForDeploymentPostprocessing = 0;
		};
		A57F5F311E62DC2E002BA929 /* Resources */ = {
			isa = PBXResourcesBuildPhase;
			buildActionMask = 2147483647;
			files = (
			);
			runOnlyForDeploymentPostprocessing = 0;
		};
/* End PBXResourcesBuildPhase section */

/* Begin PBXShellScriptBuildPhase section */
		0DC889B1B1299CBA74775933 /* [CP] Copy Pods Resources */ = {
			isa = PBXShellScriptBuildPhase;
			buildActionMask = 2147483647;
			files = (
			);
			inputPaths = (
			);
			name = "[CP] Copy Pods Resources";
			outputPaths = (
			);
			runOnlyForDeploymentPostprocessing = 0;
			shellPath = /bin/sh;
			shellScript = "\"${SRCROOT}/Pods/Target Support Files/Pods-BaiSiBuDeJie/Pods-BaiSiBuDeJie-resources.sh\"\n";
			showEnvVarsInLog = 0;
		};
		4CF9EBF0893FAA86587B494F /* [CP] Embed Pods Frameworks */ = {
			isa = PBXShellScriptBuildPhase;
			buildActionMask = 2147483647;
			files = (
			);
			inputPaths = (
			);
			name = "[CP] Embed Pods Frameworks";
			outputPaths = (
			);
			runOnlyForDeploymentPostprocessing = 0;
			shellPath = /bin/sh;
			shellScript = "\"${SRCROOT}/Pods/Target Support Files/Pods-BaiSiBuDeJie/Pods-BaiSiBuDeJie-frameworks.sh\"\n";
			showEnvVarsInLog = 0;
		};
		570E229C1025A7C6E34DEE9F /* [CP] Check Pods Manifest.lock */ = {
			isa = PBXShellScriptBuildPhase;
			buildActionMask = 2147483647;
			files = (
			);
			inputPaths = (
			);
			name = "[CP] Check Pods Manifest.lock";
			outputPaths = (
			);
			runOnlyForDeploymentPostprocessing = 0;
			shellPath = /bin/sh;
			shellScript = "diff \"${PODS_ROOT}/../Podfile.lock\" \"${PODS_ROOT}/Manifest.lock\" > /dev/null\nif [ $? != 0 ] ; then\n    # print error to STDERR\n    echo \"error: The sandbox is not in sync with the Podfile.lock. Run 'pod install' or update your CocoaPods installation.\" >&2\n    exit 1\nfi\n";
			showEnvVarsInLog = 0;
		};
/* End PBXShellScriptBuildPhase section */

/* Begin PBXSourcesBuildPhase section */
		A57F5F161E62DC2E002BA929 /* Sources */ = {
			isa = PBXSourcesBuildPhase;
			buildActionMask = 2147483647;
			files = (
				A5E1A4681E6593FC0060F656 /* HXLMineViewController.m in Sources */,
				A52CBBCC1E83B489006042B1 /* HXLEssenceBaseWithChildTVC.m in Sources */,
				A51EEB071E76D7F6002237E0 /* HXLVideoTableViewCell.m in Sources */,
				A51EEB171E76D884002237E0 /* HXLAllTableViewCell.m in Sources */,
				A5C8CB3F1E73C2660028224E /* HXLHeadlineView.m in Sources */,
				A591DB011E891848007EC238 /* UIView+HXLSDWeb.m in Sources */,
				A5ADEE241E76677100997971 /* HXLEssenceCollectionView.m in Sources */,
				A557D91B1E70F25300B54327 /* HXLReleasePunViewController.m in Sources */,
				A52CBBCF1E83DF4D006042B1 /* UIImageView+HXLSDWeb.m in Sources */,
				A5C8CB591E73C3160028224E /* UIBarButtonItem+HXLBarBtnItem.m in Sources */,
				A5E1A46B1E6598DF0060F656 /* HXLEssenceViewController.m in Sources */,
				A538C3E21E7A643000B3EFD3 /* HXLEssenceItem.m in Sources */,
				A51EEB0A1E76D816002237E0 /* HXLPictureTableViewCell.m in Sources */,
				A557D91C1E70F25300B54327 /* HXLReleaseVoiceViewController.m in Sources */,
				A5F7AA131E79959F00F72EDD /* HXLConst.m in Sources */,
				A5C8CB581E73C3160028224E /* HXLTabBar.m in Sources */,
				A58C44771E8BAC1000F91698 /* HXLEssenceCommentItem.m in Sources */,
				A52C40071E6E6C0F00D2DC8C /* HXLPostButton.m in Sources */,
				A5C8CB5A1E73C3160028224E /* UIImage+HXLRenderOriginal.m in Sources */,
				A57F5F691E63517B002BA929 /* main.m in Sources */,
				A5C8CB561E73C3160028224E /* HXLHeadlineBtn.m in Sources */,
				A57F5F5D1E634D01002BA929 /* AppDelegate.m in Sources */,
				A557D91A1E70F25300B54327 /* HXLReleaseLinkViewController.m in Sources */,
				A591DB041E891CC6007EC238 /* HXLProgressView.m in Sources */,
				A5C8CB681E73C3880028224E /* HXLAllTableVC.m in Sources */,
				A5C8CB6A1E73C3880028224E /* HXLPunTableVC.m in Sources */,
				A53E05B91E7BECFF0079DA41 /* HXLDataTool.m in Sources */,
				A5C8CB691E73C3880028224E /* HXLPictureTableVC.m in Sources */,
				A5E1A45F1E6593AE0060F656 /* HXLReleaseViewController.m in Sources */,
				A5ADEE271E766CFB00997971 /* HXLEssenceCollectionViewCell.m in Sources */,
				A5C8CB6C1E73C3880028224E /* HXLVoiceTableVC.m in Sources */,
				A5FD85D01E77A9C6002D0CC6 /* HXLSessionManager.m in Sources */,
				A5C8CB5B1E73C3160028224E /* UIView+HXLGeometry.m in Sources */,
				A51EEB131E76D857002237E0 /* HXLVoiceTableViewCell.m in Sources */,
				A5E1A4651E6593E20060F656 /* HXLFollowViewController.m in Sources */,
				A59F83421E8CE23600A342BB /* HXLUser.m in Sources */,
				A5C8CB551E73C3160028224E /* HXLTabBarController.m in Sources */,
				A557D9211E70F2FD00B54327 /* HXLPunView.m in Sources */,
				A5C8CB541E73C3160028224E /* HXLNavigationController.m in Sources */,
				A51EEB0E1E76D844002237E0 /* HXLPunTableViewCell.m in Sources */,
				A5C8CB571E73C3160028224E /* HXLReleaseButton.m in Sources */,
				A5C8CB6B1E73C3880028224E /* HXLVideoTableVC.m in Sources */,
				A52CBBD41E83EA37006042B1 /* HXLEssenceViewModel.m in Sources */,
				A5E1A45C1E65929C0060F656 /* HXLLastestViewController.m in Sources */,
			);
			runOnlyForDeploymentPostprocessing = 0;
		};
		A57F5F2F1E62DC2E002BA929 /* Sources */ = {
			isa = PBXSourcesBuildPhase;
			buildActionMask = 2147483647;
			files = (
				A57F5F381E62DC2E002BA929 /* BaiSiBuDeJieTests.m in Sources */,
			);
			runOnlyForDeploymentPostprocessing = 0;
		};
/* End PBXSourcesBuildPhase section */

/* Begin PBXTargetDependency section */
		A57F5F351E62DC2E002BA929 /* PBXTargetDependency */ = {
			isa = PBXTargetDependency;
			target = A57F5F191E62DC2E002BA929 /* BaiSiBuDeJie */;
			targetProxy = A57F5F341E62DC2E002BA929 /* PBXContainerItemProxy */;
		};
/* End PBXTargetDependency section */

/* Begin PBXVariantGroup section */
		A57F5F261E62DC2E002BA929 /* Main.storyboard */ = {
			isa = PBXVariantGroup;
			children = (
				A57F5F271E62DC2E002BA929 /* Base */,
			);
			name = Main.storyboard;
			sourceTree = "<group>";
		};
		A57F5F2B1E62DC2E002BA929 /* LaunchScreen.storyboard */ = {
			isa = PBXVariantGroup;
			children = (
				A57F5F2C1E62DC2E002BA929 /* Base */,
			);
			name = LaunchScreen.storyboard;
			sourceTree = "<group>";
		};
/* End PBXVariantGroup section */

/* Begin XCBuildConfiguration section */
		A57F5F3A1E62DC2E002BA929 /* Debug */ = {
			isa = XCBuildConfiguration;
			buildSettings = {
				ALWAYS_SEARCH_USER_PATHS = NO;
				CLANG_ANALYZER_NONNULL = YES;
				CLANG_CXX_LANGUAGE_STANDARD = "gnu++0x";
				CLANG_CXX_LIBRARY = "libc++";
				CLANG_ENABLE_MODULES = YES;
				CLANG_ENABLE_OBJC_ARC = YES;
				CLANG_WARN_BOOL_CONVERSION = YES;
				CLANG_WARN_CONSTANT_CONVERSION = YES;
				CLANG_WARN_DIRECT_OBJC_ISA_USAGE = YES_ERROR;
				CLANG_WARN_DOCUMENTATION_COMMENTS = YES;
				CLANG_WARN_EMPTY_BODY = YES;
				CLANG_WARN_ENUM_CONVERSION = YES;
				CLANG_WARN_INFINITE_RECURSION = YES;
				CLANG_WARN_INT_CONVERSION = YES;
				CLANG_WARN_OBJC_ROOT_CLASS = YES_ERROR;
				CLANG_WARN_SUSPICIOUS_MOVE = YES;
				CLANG_WARN_UNREACHABLE_CODE = YES;
				CLANG_WARN__DUPLICATE_METHOD_MATCH = YES;
				"CODE_SIGN_IDENTITY[sdk=iphoneos*]" = "iPhone Developer";
				COPY_PHASE_STRIP = NO;
				DEBUG_INFORMATION_FORMAT = dwarf;
				ENABLE_STRICT_OBJC_MSGSEND = YES;
				ENABLE_TESTABILITY = YES;
				GCC_C_LANGUAGE_STANDARD = gnu99;
				GCC_DYNAMIC_NO_PIC = NO;
				GCC_NO_COMMON_BLOCKS = YES;
				GCC_OPTIMIZATION_LEVEL = 0;
				GCC_PREPROCESSOR_DEFINITIONS = (
					"DEBUG=1",
					"$(inherited)",
				);
				GCC_WARN_64_TO_32_BIT_CONVERSION = YES;
				GCC_WARN_ABOUT_RETURN_TYPE = YES_ERROR;
				GCC_WARN_UNDECLARED_SELECTOR = YES;
				GCC_WARN_UNINITIALIZED_AUTOS = YES_AGGRESSIVE;
				GCC_WARN_UNUSED_FUNCTION = YES;
				GCC_WARN_UNUSED_VARIABLE = YES;
				INFOPLIST_FILE = "";
				IPHONEOS_DEPLOYMENT_TARGET = 8.0;
				MTL_ENABLE_DEBUG_INFO = YES;
				ONLY_ACTIVE_ARCH = YES;
				SDKROOT = iphoneos;
			};
			name = Debug;
		};
		A57F5F3B1E62DC2E002BA929 /* Release */ = {
			isa = XCBuildConfiguration;
			buildSettings = {
				ALWAYS_SEARCH_USER_PATHS = NO;
				CLANG_ANALYZER_NONNULL = YES;
				CLANG_CXX_LANGUAGE_STANDARD = "gnu++0x";
				CLANG_CXX_LIBRARY = "libc++";
				CLANG_ENABLE_MODULES = YES;
				CLANG_ENABLE_OBJC_ARC = YES;
				CLANG_WARN_BOOL_CONVERSION = YES;
				CLANG_WARN_CONSTANT_CONVERSION = YES;
				CLANG_WARN_DIRECT_OBJC_ISA_USAGE = YES_ERROR;
				CLANG_WARN_DOCUMENTATION_COMMENTS = YES;
				CLANG_WARN_EMPTY_BODY = YES;
				CLANG_WARN_ENUM_CONVERSION = YES;
				CLANG_WARN_INFINITE_RECURSION = YES;
				CLANG_WARN_INT_CONVERSION = YES;
				CLANG_WARN_OBJC_ROOT_CLASS = YES_ERROR;
				CLANG_WARN_SUSPICIOUS_MOVE = YES;
				CLANG_WARN_UNREACHABLE_CODE = YES;
				CLANG_WARN__DUPLICATE_METHOD_MATCH = YES;
				"CODE_SIGN_IDENTITY[sdk=iphoneos*]" = "iPhone Developer";
				COPY_PHASE_STRIP = NO;
				DEBUG_INFORMATION_FORMAT = "dwarf-with-dsym";
				ENABLE_NS_ASSERTIONS = NO;
				ENABLE_STRICT_OBJC_MSGSEND = YES;
				GCC_C_LANGUAGE_STANDARD = gnu99;
				GCC_NO_COMMON_BLOCKS = YES;
				GCC_WARN_64_TO_32_BIT_CONVERSION = YES;
				GCC_WARN_ABOUT_RETURN_TYPE = YES_ERROR;
				GCC_WARN_UNDECLARED_SELECTOR = YES;
				GCC_WARN_UNINITIALIZED_AUTOS = YES_AGGRESSIVE;
				GCC_WARN_UNUSED_FUNCTION = YES;
				GCC_WARN_UNUSED_VARIABLE = YES;
				INFOPLIST_FILE = "";
				IPHONEOS_DEPLOYMENT_TARGET = 8.0;
				MTL_ENABLE_DEBUG_INFO = NO;
				SDKROOT = iphoneos;
				VALIDATE_PRODUCT = YES;
			};
			name = Release;
		};
		A57F5F3D1E62DC2E002BA929 /* Debug */ = {
			isa = XCBuildConfiguration;
			baseConfigurationReference = 689013E8EE81F9E3D63AA94F /* Pods-BaiSiBuDeJie.debug.xcconfig */;
			buildSettings = {
				ASSETCATALOG_COMPILER_APPICON_NAME = AppIcon;
				ASSETCATALOG_COMPILER_LAUNCHIMAGE_NAME = LaunchImage;
				GCC_PRECOMPILE_PREFIX_HEADER = YES;
				GCC_PREFIX_HEADER = "BaiSiBuDeJie/Classes/Other/System/BaiSiBiDeJie-Prefix.pch";
				INFOPLIST_FILE = BaiSiBuDeJie/Classes/Other/System/Info.plist;
				LD_RUNPATH_SEARCH_PATHS = "$(inherited) @executable_path/Frameworks";
				PRODUCT_BUNDLE_IDENTIFIER = hxl.BaiSiBuDeJie;
				PRODUCT_NAME = "$(TARGET_NAME)";
			};
			name = Debug;
		};
		A57F5F3E1E62DC2E002BA929 /* Release */ = {
			isa = XCBuildConfiguration;
			baseConfigurationReference = B81860FAD8E8C777829B877F /* Pods-BaiSiBuDeJie.release.xcconfig */;
			buildSettings = {
				ASSETCATALOG_COMPILER_APPICON_NAME = AppIcon;
				ASSETCATALOG_COMPILER_LAUNCHIMAGE_NAME = LaunchImage;
				GCC_PRECOMPILE_PREFIX_HEADER = YES;
				GCC_PREFIX_HEADER = "BaiSiBuDeJie/Classes/Other/System/BaiSiBiDeJie-Prefix.pch";
				INFOPLIST_FILE = BaiSiBuDeJie/Classes/Other/System/Info.plist;
				LD_RUNPATH_SEARCH_PATHS = "$(inherited) @executable_path/Frameworks";
				PRODUCT_BUNDLE_IDENTIFIER = hxl.BaiSiBuDeJie;
				PRODUCT_NAME = "$(TARGET_NAME)";
			};
			name = Release;
		};
		A57F5F401E62DC2E002BA929 /* Debug */ = {
			isa = XCBuildConfiguration;
			buildSettings = {
				BUNDLE_LOADER = "$(TEST_HOST)";
				INFOPLIST_FILE = BaiSiBuDeJieTests/Info.plist;
				LD_RUNPATH_SEARCH_PATHS = "$(inherited) @executable_path/Frameworks @loader_path/Frameworks";
				PRODUCT_BUNDLE_IDENTIFIER = hxl.BaiSiBuDeJieTests;
				PRODUCT_NAME = "$(TARGET_NAME)";
				TEST_HOST = "$(BUILT_PRODUCTS_DIR)/BaiSiBuDeJie.app/BaiSiBuDeJie";
			};
			name = Debug;
		};
		A57F5F411E62DC2E002BA929 /* Release */ = {
			isa = XCBuildConfiguration;
			buildSettings = {
				BUNDLE_LOADER = "$(TEST_HOST)";
				INFOPLIST_FILE = BaiSiBuDeJieTests/Info.plist;
				LD_RUNPATH_SEARCH_PATHS = "$(inherited) @executable_path/Frameworks @loader_path/Frameworks";
				PRODUCT_BUNDLE_IDENTIFIER = hxl.BaiSiBuDeJieTests;
				PRODUCT_NAME = "$(TARGET_NAME)";
				TEST_HOST = "$(BUILT_PRODUCTS_DIR)/BaiSiBuDeJie.app/BaiSiBuDeJie";
			};
			name = Release;
		};
/* End XCBuildConfiguration section */

/* Begin XCConfigurationList section */
		A57F5F151E62DC2E002BA929 /* Build configuration list for PBXProject "BaiSiBuDeJie" */ = {
			isa = XCConfigurationList;
			buildConfigurations = (
				A57F5F3A1E62DC2E002BA929 /* Debug */,
				A57F5F3B1E62DC2E002BA929 /* Release */,
			);
			defaultConfigurationIsVisible = 0;
			defaultConfigurationName = Release;
		};
		A57F5F3C1E62DC2E002BA929 /* Build configuration list for PBXNativeTarget "BaiSiBuDeJie" */ = {
			isa = XCConfigurationList;
			buildConfigurations = (
				A57F5F3D1E62DC2E002BA929 /* Debug */,
				A57F5F3E1E62DC2E002BA929 /* Release */,
			);
			defaultConfigurationIsVisible = 0;
			defaultConfigurationName = Release;
		};
		A57F5F3F1E62DC2E002BA929 /* Build configuration list for PBXNativeTarget "BaiSiBuDeJieTests" */ = {
			isa = XCConfigurationList;
			buildConfigurations = (
				A57F5F401E62DC2E002BA929 /* Debug */,
				A57F5F411E62DC2E002BA929 /* Release */,
			);
			defaultConfigurationIsVisible = 0;
			defaultConfigurationName = Release;
		};
/* End XCConfigurationList section */
	};
	rootObject = A57F5F121E62DC2E002BA929 /* Project object */;
}
